// !$*UTF8*$!
{
	archiveVersion = 1;
	classes = {
	};
	objectVersion = 55;
	objects = {

/* Begin PBXBuildFile section */
		CE3C533D283042A1008E02B8 /* KeyboardShortcuts in Frameworks */ = {isa = PBXBuildFile; productRef = CE3C533C283042A1008E02B8 /* KeyboardShortcuts */; };
		CE3C533F283042D7008E02B8 /* Events.swift in Sources */ = {isa = PBXBuildFile; fileRef = CE3C533E283042D7008E02B8 /* Events.swift */; };
		CE49FD282830B73700B0B72A /* Constants.swift in Sources */ = {isa = PBXBuildFile; fileRef = CE49FD272830B73700B0B72A /* Constants.swift */; };
		CEA71959282CC0C6006F889E /* AssemblApp.swift in Sources */ = {isa = PBXBuildFile; fileRef = CEA71958282CC0C6006F889E /* AssemblApp.swift */; };
		CEA7195D282CC0C9006F889E /* Assets.xcassets in Resources */ = {isa = PBXBuildFile; fileRef = CEA7195C282CC0C9006F889E /* Assets.xcassets */; };
		CEA71960282CC0C9006F889E /* Preview Assets.xcassets in Resources */ = {isa = PBXBuildFile; fileRef = CEA7195F282CC0C9006F889E /* Preview Assets.xcassets */; };
		CEA7196B282CC0C9006F889E /* AssemblTests.swift in Sources */ = {isa = PBXBuildFile; fileRef = CEA7196A282CC0C9006F889E /* AssemblTests.swift */; };
		CEA71975282CC0C9006F889E /* AssemblUITests.swift in Sources */ = {isa = PBXBuildFile; fileRef = CEA71974282CC0C9006F889E /* AssemblUITests.swift */; };
		CEA71977282CC0C9006F889E /* AssemblUITestsLaunchTests.swift in Sources */ = {isa = PBXBuildFile; fileRef = CEA71976282CC0C9006F889E /* AssemblUITestsLaunchTests.swift */; };
		CEA7198A282DFAB5006F889E /* AppDelegate.swift in Sources */ = {isa = PBXBuildFile; fileRef = CEA71989282DFAB5006F889E /* AppDelegate.swift */; };
		CEC4A5C52830755A00E2C5CB /* Utilities.swift in Sources */ = {isa = PBXBuildFile; fileRef = CEC4A5C42830755A00E2C5CB /* Utilities.swift */; };
		CEC4A5C7283095DB00E2C5CB /* Menu.swift in Sources */ = {isa = PBXBuildFile; fileRef = CEC4A5C6283095DB00E2C5CB /* Menu.swift */; };
/* End PBXBuildFile section */

/* Begin PBXContainerItemProxy section */
		CEA71967282CC0C9006F889E /* PBXContainerItemProxy */ = {
			isa = PBXContainerItemProxy;
			containerPortal = CEA7194D282CC0C6006F889E /* Project object */;
			proxyType = 1;
			remoteGlobalIDString = CEA71954282CC0C6006F889E;
			remoteInfo = Assembl;
		};
		CEA71971282CC0C9006F889E /* PBXContainerItemProxy */ = {
			isa = PBXContainerItemProxy;
			containerPortal = CEA7194D282CC0C6006F889E /* Project object */;
			proxyType = 1;
			remoteGlobalIDString = CEA71954282CC0C6006F889E;
			remoteInfo = Assembl;
		};
/* End PBXContainerItemProxy section */

/* Begin PBXFileReference section */
		CE3C533E283042D7008E02B8 /* Events.swift */ = {isa = PBXFileReference; lastKnownFileType = sourcecode.swift; path = Events.swift; sourceTree = "<group>"; };
		CE49FD272830B73700B0B72A /* Constants.swift */ = {isa = PBXFileReference; lastKnownFileType = sourcecode.swift; path = Constants.swift; sourceTree = "<group>"; };
		CEA71955282CC0C6006F889E /* Assembl.app */ = {isa = PBXFileReference; explicitFileType = wrapper.application; includeInIndex = 0; path = Assembl.app; sourceTree = BUILT_PRODUCTS_DIR; };
		CEA71958282CC0C6006F889E /* AssemblApp.swift */ = {isa = PBXFileReference; lastKnownFileType = sourcecode.swift; path = AssemblApp.swift; sourceTree = "<group>"; };
		CEA7195C282CC0C9006F889E /* Assets.xcassets */ = {isa = PBXFileReference; lastKnownFileType = folder.assetcatalog; path = Assets.xcassets; sourceTree = "<group>"; };
		CEA7195F282CC0C9006F889E /* Preview Assets.xcassets */ = {isa = PBXFileReference; lastKnownFileType = folder.assetcatalog; path = "Preview Assets.xcassets"; sourceTree = "<group>"; };
		CEA71961282CC0C9006F889E /* Assembl.entitlements */ = {isa = PBXFileReference; lastKnownFileType = text.plist.entitlements; path = Assembl.entitlements; sourceTree = "<group>"; };
		CEA71966282CC0C9006F889E /* AssemblTests.xctest */ = {isa = PBXFileReference; explicitFileType = wrapper.cfbundle; includeInIndex = 0; path = AssemblTests.xctest; sourceTree = BUILT_PRODUCTS_DIR; };
		CEA7196A282CC0C9006F889E /* AssemblTests.swift */ = {isa = PBXFileReference; lastKnownFileType = sourcecode.swift; path = AssemblTests.swift; sourceTree = "<group>"; };
		CEA71970282CC0C9006F889E /* AssemblUITests.xctest */ = {isa = PBXFileReference; explicitFileType = wrapper.cfbundle; includeInIndex = 0; path = AssemblUITests.xctest; sourceTree = BUILT_PRODUCTS_DIR; };
		CEA71974282CC0C9006F889E /* AssemblUITests.swift */ = {isa = PBXFileReference; lastKnownFileType = sourcecode.swift; path = AssemblUITests.swift; sourceTree = "<group>"; };
		CEA71976282CC0C9006F889E /* AssemblUITestsLaunchTests.swift */ = {isa = PBXFileReference; lastKnownFileType = sourcecode.swift; path = AssemblUITestsLaunchTests.swift; sourceTree = "<group>"; };
		CEA71989282DFAB5006F889E /* AppDelegate.swift */ = {isa = PBXFileReference; lastKnownFileType = sourcecode.swift; path = AppDelegate.swift; sourceTree = "<group>"; };
		CEC4A5C42830755A00E2C5CB /* Utilities.swift */ = {isa = PBXFileReference; lastKnownFileType = sourcecode.swift; path = Utilities.swift; sourceTree = "<group>"; };
		CEC4A5C6283095DB00E2C5CB /* Menu.swift */ = {isa = PBXFileReference; lastKnownFileType = sourcecode.swift; path = Menu.swift; sourceTree = "<group>"; };
/* End PBXFileReference section */

/* Begin PBXFrameworksBuildPhase section */
		CEA71952282CC0C6006F889E /* Frameworks */ = {
			isa = PBXFrameworksBuildPhase;
			buildActionMask = 2147483647;
			files = (
				CE3C533D283042A1008E02B8 /* KeyboardShortcuts in Frameworks */,
			);
			runOnlyForDeploymentPostprocessing = 0;
		};
		CEA71963282CC0C9006F889E /* Frameworks */ = {
			isa = PBXFrameworksBuildPhase;
			buildActionMask = 2147483647;
			files = (
			);
			runOnlyForDeploymentPostprocessing = 0;
		};
		CEA7196D282CC0C9006F889E /* Frameworks */ = {
			isa = PBXFrameworksBuildPhase;
			buildActionMask = 2147483647;
			files = (
			);
			runOnlyForDeploymentPostprocessing = 0;
		};
/* End PBXFrameworksBuildPhase section */

/* Begin PBXGroup section */
		CEA7194C282CC0C6006F889E = {
			isa = PBXGroup;
			children = (
				CEA71957282CC0C6006F889E /* Assembl */,
				CEA71969282CC0C9006F889E /* AssemblTests */,
				CEA71973282CC0C9006F889E /* AssemblUITests */,
				CEA71956282CC0C6006F889E /* Products */,
			);
			sourceTree = "<group>";
		};
		CEA71956282CC0C6006F889E /* Products */ = {
			isa = PBXGroup;
			children = (
				CEA71955282CC0C6006F889E /* Assembl.app */,
				CEA71966282CC0C9006F889E /* AssemblTests.xctest */,
				CEA71970282CC0C9006F889E /* AssemblUITests.xctest */,
			);
			name = Products;
			sourceTree = "<group>";
		};
		CEA71957282CC0C6006F889E /* Assembl */ = {
			isa = PBXGroup;
			children = (
				CEA71958282CC0C6006F889E /* AssemblApp.swift */,
				CE3C533E283042D7008E02B8 /* Events.swift */,
				CE49FD272830B73700B0B72A /* Constants.swift */,
				CEC4A5C6283095DB00E2C5CB /* Menu.swift */,
				CEA71989282DFAB5006F889E /* AppDelegate.swift */,
				CEC4A5C42830755A00E2C5CB /* Utilities.swift */,
				CEA7195C282CC0C9006F889E /* Assets.xcassets */,
				CEA71961282CC0C9006F889E /* Assembl.entitlements */,
				CEA7195E282CC0C9006F889E /* Preview Content */,
			);
			path = Assembl;
			sourceTree = "<group>";
		};
		CEA7195E282CC0C9006F889E /* Preview Content */ = {
			isa = PBXGroup;
			children = (
				CEA7195F282CC0C9006F889E /* Preview Assets.xcassets */,
			);
			path = "Preview Content";
			sourceTree = "<group>";
		};
		CEA71969282CC0C9006F889E /* AssemblTests */ = {
			isa = PBXGroup;
			children = (
				CEA7196A282CC0C9006F889E /* AssemblTests.swift */,
			);
			path = AssemblTests;
			sourceTree = "<group>";
		};
		CEA71973282CC0C9006F889E /* AssemblUITests */ = {
			isa = PBXGroup;
			children = (
				CEA71974282CC0C9006F889E /* AssemblUITests.swift */,
				CEA71976282CC0C9006F889E /* AssemblUITestsLaunchTests.swift */,
			);
			path = AssemblUITests;
			sourceTree = "<group>";
		};
/* End PBXGroup section */

/* Begin PBXNativeTarget section */
		CEA71954282CC0C6006F889E /* Assembl */ = {
			isa = PBXNativeTarget;
			buildConfigurationList = CEA7197A282CC0C9006F889E /* Build configuration list for PBXNativeTarget "Assembl" */;
			buildPhases = (
				CEA71951282CC0C6006F889E /* Sources */,
				CEA71952282CC0C6006F889E /* Frameworks */,
				CEA71953282CC0C6006F889E /* Resources */,
			);
			buildRules = (
			);
			dependencies = (
			);
			name = Assembl;
			packageProductDependencies = (
				CE3C533C283042A1008E02B8 /* KeyboardShortcuts */,
			);
			productName = Assembl;
			productReference = CEA71955282CC0C6006F889E /* Assembl.app */;
			productType = "com.apple.product-type.application";
		};
		CEA71965282CC0C9006F889E /* AssemblTests */ = {
			isa = PBXNativeTarget;
			buildConfigurationList = CEA7197D282CC0C9006F889E /* Build configuration list for PBXNativeTarget "AssemblTests" */;
			buildPhases = (
				CEA71962282CC0C9006F889E /* Sources */,
				CEA71963282CC0C9006F889E /* Frameworks */,
				CEA71964282CC0C9006F889E /* Resources */,
			);
			buildRules = (
			);
			dependencies = (
				CEA71968282CC0C9006F889E /* PBXTargetDependency */,
			);
			name = AssemblTests;
			productName = AssemblTests;
			productReference = CEA71966282CC0C9006F889E /* AssemblTests.xctest */;
			productType = "com.apple.product-type.bundle.unit-test";
		};
		CEA7196F282CC0C9006F889E /* AssemblUITests */ = {
			isa = PBXNativeTarget;
			buildConfigurationList = CEA71980282CC0C9006F889E /* Build configuration list for PBXNativeTarget "AssemblUITests" */;
			buildPhases = (
				CEA7196C282CC0C9006F889E /* Sources */,
				CEA7196D282CC0C9006F889E /* Frameworks */,
				CEA7196E282CC0C9006F889E /* Resources */,
			);
			buildRules = (
			);
			dependencies = (
				CEA71972282CC0C9006F889E /* PBXTargetDependency */,
			);
			name = AssemblUITests;
			productName = AssemblUITests;
			productReference = CEA71970282CC0C9006F889E /* AssemblUITests.xctest */;
			productType = "com.apple.product-type.bundle.ui-testing";
		};
/* End PBXNativeTarget section */

/* Begin PBXProject section */
		CEA7194D282CC0C6006F889E /* Project object */ = {
			isa = PBXProject;
			attributes = {
				BuildIndependentTargetsInParallel = 1;
				LastSwiftUpdateCheck = 1330;
				LastUpgradeCheck = 1330;
				TargetAttributes = {
					CEA71954282CC0C6006F889E = {
						CreatedOnToolsVersion = 13.3.1;
					};
					CEA71965282CC0C9006F889E = {
						CreatedOnToolsVersion = 13.3.1;
						TestTargetID = CEA71954282CC0C6006F889E;
					};
					CEA7196F282CC0C9006F889E = {
						CreatedOnToolsVersion = 13.3.1;
						TestTargetID = CEA71954282CC0C6006F889E;
					};
				};
			};
			buildConfigurationList = CEA71950282CC0C6006F889E /* Build configuration list for PBXProject "Assembl" */;
			compatibilityVersion = "Xcode 13.0";
			developmentRegion = en;
			hasScannedForEncodings = 0;
			knownRegions = (
				en,
				Base,
			);
			mainGroup = CEA7194C282CC0C6006F889E;
			packageReferences = (
				CE3C533B283042A1008E02B8 /* XCRemoteSwiftPackageReference "KeyboardShortcuts" */,
			);
			productRefGroup = CEA71956282CC0C6006F889E /* Products */;
			projectDirPath = "";
			projectRoot = "";
			targets = (
				CEA71954282CC0C6006F889E /* Assembl */,
				CEA71965282CC0C9006F889E /* AssemblTests */,
				CEA7196F282CC0C9006F889E /* AssemblUITests */,
			);
		};
/* End PBXProject section */

/* Begin PBXResourcesBuildPhase section */
		CEA71953282CC0C6006F889E /* Resources */ = {
			isa = PBXResourcesBuildPhase;
			buildActionMask = 2147483647;
			files = (
				CEA71960282CC0C9006F889E /* Preview Assets.xcassets in Resources */,
				CEA7195D282CC0C9006F889E /* Assets.xcassets in Resources */,
			);
			runOnlyForDeploymentPostprocessing = 0;
		};
		CEA71964282CC0C9006F889E /* Resources */ = {
			isa = PBXResourcesBuildPhase;
			buildActionMask = 2147483647;
			files = (
			);
			runOnlyForDeploymentPostprocessing = 0;
		};
		CEA7196E282CC0C9006F889E /* Resources */ = {
			isa = PBXResourcesBuildPhase;
			buildActionMask = 2147483647;
			files = (
			);
			runOnlyForDeploymentPostprocessing = 0;
		};
/* End PBXResourcesBuildPhase section */

/* Begin PBXSourcesBuildPhase section */
		CEA71951282CC0C6006F889E /* Sources */ = {
			isa = PBXSourcesBuildPhase;
			buildActionMask = 2147483647;
			files = (
				CE3C533F283042D7008E02B8 /* Events.swift in Sources */,
				CEA71959282CC0C6006F889E /* AssemblApp.swift in Sources */,
				CEA7198A282DFAB5006F889E /* AppDelegate.swift in Sources */,
				CEC4A5C52830755A00E2C5CB /* Utilities.swift in Sources */,
				CEC4A5C7283095DB00E2C5CB /* Menu.swift in Sources */,
				CE49FD282830B73700B0B72A /* Constants.swift in Sources */,
			);
			runOnlyForDeploymentPostprocessing = 0;
		};
		CEA71962282CC0C9006F889E /* Sources */ = {
			isa = PBXSourcesBuildPhase;
			buildActionMask = 2147483647;
			files = (
				CEA7196B282CC0C9006F889E /* AssemblTests.swift in Sources */,
			);
			runOnlyForDeploymentPostprocessing = 0;
		};
		CEA7196C282CC0C9006F889E /* Sources */ = {
			isa = PBXSourcesBuildPhase;
			buildActionMask = 2147483647;
			files = (
				CEA71977282CC0C9006F889E /* AssemblUITestsLaunchTests.swift in Sources */,
				CEA71975282CC0C9006F889E /* AssemblUITests.swift in Sources */,
			);
			runOnlyForDeploymentPostprocessing = 0;
		};
/* End PBXSourcesBuildPhase section */

/* Begin PBXTargetDependency section */
		CEA71968282CC0C9006F889E /* PBXTargetDependency */ = {
			isa = PBXTargetDependency;
			target = CEA71954282CC0C6006F889E /* Assembl */;
			targetProxy = CEA71967282CC0C9006F889E /* PBXContainerItemProxy */;
		};
		CEA71972282CC0C9006F889E /* PBXTargetDependency */ = {
			isa = PBXTargetDependency;
			target = CEA71954282CC0C6006F889E /* Assembl */;
			targetProxy = CEA71971282CC0C9006F889E /* PBXContainerItemProxy */;
		};
/* End PBXTargetDependency section */

/* Begin XCBuildConfiguration section */
		CEA71978282CC0C9006F889E /* Debug */ = {
			isa = XCBuildConfiguration;
			buildSettings = {
				ALWAYS_SEARCH_USER_PATHS = NO;
				CLANG_ANALYZER_NONNULL = YES;
				CLANG_ANALYZER_NUMBER_OBJECT_CONVERSION = YES_AGGRESSIVE;
				CLANG_CXX_LANGUAGE_STANDARD = "gnu++17";
				CLANG_ENABLE_MODULES = YES;
				CLANG_ENABLE_OBJC_ARC = YES;
				CLANG_ENABLE_OBJC_WEAK = YES;
				CLANG_WARN_BLOCK_CAPTURE_AUTORELEASING = YES;
				CLANG_WARN_BOOL_CONVERSION = YES;
				CLANG_WARN_COMMA = YES;
				CLANG_WARN_CONSTANT_CONVERSION = YES;
				CLANG_WARN_DEPRECATED_OBJC_IMPLEMENTATIONS = YES;
				CLANG_WARN_DIRECT_OBJC_ISA_USAGE = YES_ERROR;
				CLANG_WARN_DOCUMENTATION_COMMENTS = YES;
				CLANG_WARN_EMPTY_BODY = YES;
				CLANG_WARN_ENUM_CONVERSION = YES;
				CLANG_WARN_INFINITE_RECURSION = YES;
				CLANG_WARN_INT_CONVERSION = YES;
				CLANG_WARN_NON_LITERAL_NULL_CONVERSION = YES;
				CLANG_WARN_OBJC_IMPLICIT_RETAIN_SELF = YES;
				CLANG_WARN_OBJC_LITERAL_CONVERSION = YES;
				CLANG_WARN_OBJC_ROOT_CLASS = YES_ERROR;
				CLANG_WARN_QUOTED_INCLUDE_IN_FRAMEWORK_HEADER = YES;
				CLANG_WARN_RANGE_LOOP_ANALYSIS = YES;
				CLANG_WARN_STRICT_PROTOTYPES = YES;
				CLANG_WARN_SUSPICIOUS_MOVE = YES;
				CLANG_WARN_UNGUARDED_AVAILABILITY = YES_AGGRESSIVE;
				CLANG_WARN_UNREACHABLE_CODE = YES;
				CLANG_WARN__DUPLICATE_METHOD_MATCH = YES;
				COPY_PHASE_STRIP = NO;
				DEBUG_INFORMATION_FORMAT = dwarf;
				ENABLE_STRICT_OBJC_MSGSEND = YES;
				ENABLE_TESTABILITY = YES;
				GCC_C_LANGUAGE_STANDARD = gnu11;
				GCC_DYNAMIC_NO_PIC = NO;
				GCC_NO_COMMON_BLOCKS = YES;
				GCC_OPTIMIZATION_LEVEL = 0;
				GCC_PREPROCESSOR_DEFINITIONS = (
					"DEBUG=1",
					"$(inherited)",
				);
				GCC_WARN_64_TO_32_BIT_CONVERSION = YES;
				GCC_WARN_ABOUT_RETURN_TYPE = YES_ERROR;
				GCC_WARN_UNDECLARED_SELECTOR = YES;
				GCC_WARN_UNINITIALIZED_AUTOS = YES_AGGRESSIVE;
				GCC_WARN_UNUSED_FUNCTION = YES;
				GCC_WARN_UNUSED_VARIABLE = YES;
				MACOSX_DEPLOYMENT_TARGET = 12.3;
				MTL_ENABLE_DEBUG_INFO = INCLUDE_SOURCE;
				MTL_FAST_MATH = YES;
				ONLY_ACTIVE_ARCH = YES;
				SDKROOT = macosx;
				SWIFT_ACTIVE_COMPILATION_CONDITIONS = DEBUG;
				SWIFT_OPTIMIZATION_LEVEL = "-Onone";
			};
			name = Debug;
		};
		CEA71979282CC0C9006F889E /* Release */ = {
			isa = XCBuildConfiguration;
			buildSettings = {
				ALWAYS_SEARCH_USER_PATHS = NO;
				CLANG_ANALYZER_NONNULL = YES;
				CLANG_ANALYZER_NUMBER_OBJECT_CONVERSION = YES_AGGRESSIVE;
				CLANG_CXX_LANGUAGE_STANDARD = "gnu++17";
				CLANG_ENABLE_MODULES = YES;
				CLANG_ENABLE_OBJC_ARC = YES;
				CLANG_ENABLE_OBJC_WEAK = YES;
				CLANG_WARN_BLOCK_CAPTURE_AUTORELEASING = YES;
				CLANG_WARN_BOOL_CONVERSION = YES;
				CLANG_WARN_COMMA = YES;
				CLANG_WARN_CONSTANT_CONVERSION = YES;
				CLANG_WARN_DEPRECATED_OBJC_IMPLEMENTATIONS = YES;
				CLANG_WARN_DIRECT_OBJC_ISA_USAGE = YES_ERROR;
				CLANG_WARN_DOCUMENTATION_COMMENTS = YES;
				CLANG_WARN_EMPTY_BODY = YES;
				CLANG_WARN_ENUM_CONVERSION = YES;
				CLANG_WARN_INFINITE_RECURSION = YES;
				CLANG_WARN_INT_CONVERSION = YES;
				CLANG_WARN_NON_LITERAL_NULL_CONVERSION = YES;
				CLANG_WARN_OBJC_IMPLICIT_RETAIN_SELF = YES;
				CLANG_WARN_OBJC_LITERAL_CONVERSION = YES;
				CLANG_WARN_OBJC_ROOT_CLASS = YES_ERROR;
				CLANG_WARN_QUOTED_INCLUDE_IN_FRAMEWORK_HEADER = YES;
				CLANG_WARN_RANGE_LOOP_ANALYSIS = YES;
				CLANG_WARN_STRICT_PROTOTYPES = YES;
				CLANG_WARN_SUSPICIOUS_MOVE = YES;
				CLANG_WARN_UNGUARDED_AVAILABILITY = YES_AGGRESSIVE;
				CLANG_WARN_UNREACHABLE_CODE = YES;
				CLANG_WARN__DUPLICATE_METHOD_MATCH = YES;
				COPY_PHASE_STRIP = NO;
				DEBUG_INFORMATION_FORMAT = "dwarf-with-dsym";
				ENABLE_NS_ASSERTIONS = NO;
				ENABLE_STRICT_OBJC_MSGSEND = YES;
				GCC_C_LANGUAGE_STANDARD = gnu11;
				GCC_NO_COMMON_BLOCKS = YES;
				GCC_WARN_64_TO_32_BIT_CONVERSION = YES;
				GCC_WARN_ABOUT_RETURN_TYPE = YES_ERROR;
				GCC_WARN_UNDECLARED_SELECTOR = YES;
				GCC_WARN_UNINITIALIZED_AUTOS = YES_AGGRESSIVE;
				GCC_WARN_UNUSED_FUNCTION = YES;
				GCC_WARN_UNUSED_VARIABLE = YES;
				MACOSX_DEPLOYMENT_TARGET = 12.3;
				MTL_ENABLE_DEBUG_INFO = NO;
				MTL_FAST_MATH = YES;
				SDKROOT = macosx;
				SWIFT_COMPILATION_MODE = wholemodule;
				SWIFT_OPTIMIZATION_LEVEL = "-O";
			};
			name = Release;
		};
		CEA7197B282CC0C9006F889E /* Debug */ = {
			isa = XCBuildConfiguration;
			buildSettings = {
				ASSETCATALOG_COMPILER_APPICON_NAME = AppIcon;
				ASSETCATALOG_COMPILER_GLOBAL_ACCENT_COLOR_NAME = AccentColor;
				CODE_SIGN_ENTITLEMENTS = Assembl/Assembl.entitlements;
				CODE_SIGN_STYLE = Automatic;
				COMBINE_HIDPI_IMAGES = YES;
				CURRENT_PROJECT_VERSION = 1;
				DEVELOPMENT_ASSET_PATHS = "\"Assembl/Preview Content\"";
				DEVELOPMENT_TEAM = 27P4L7HW7J;
				ENABLE_HARDENED_RUNTIME = YES;
				ENABLE_PREVIEWS = YES;
				GENERATE_INFOPLIST_FILE = YES;
				INFOPLIST_KEY_NSHumanReadableCopyright = "";
				LD_RUNPATH_SEARCH_PATHS = (
					"$(inherited)",
					"@executable_path/../Frameworks",
				);
				MARKETING_VERSION = 1.0;
				PRODUCT_BUNDLE_IDENTIFIER = rossmoody.Assembl;
				PRODUCT_NAME = "$(TARGET_NAME)";
				SWIFT_EMIT_LOC_STRINGS = YES;
				SWIFT_VERSION = 5.0;
			};
			name = Debug;
		};
		CEA7197C282CC0C9006F889E /* Release */ = {
			isa = XCBuildConfiguration;
			buildSettings = {
				ASSETCATALOG_COMPILER_APPICON_NAME = AppIcon;
				ASSETCATALOG_COMPILER_GLOBAL_ACCENT_COLOR_NAME = AccentColor;
				CODE_SIGN_ENTITLEMENTS = Assembl/Assembl.entitlements;
				CODE_SIGN_STYLE = Automatic;
				COMBINE_HIDPI_IMAGES = YES;
				CURRENT_PROJECT_VERSION = 1;
				DEVELOPMENT_ASSET_PATHS = "\"Assembl/Preview Content\"";
				DEVELOPMENT_TEAM = 27P4L7HW7J;
				ENABLE_HARDENED_RUNTIME = YES;
				ENABLE_PREVIEWS = YES;
				GENERATE_INFOPLIST_FILE = YES;
				INFOPLIST_KEY_NSHumanReadableCopyright = "";
				LD_RUNPATH_SEARCH_PATHS = (
					"$(inherited)",
					"@executable_path/../Frameworks",
				);
				MARKETING_VERSION = 1.0;
				PRODUCT_BUNDLE_IDENTIFIER = rossmoody.Assembl;
				PRODUCT_NAME = "$(TARGET_NAME)";
				SWIFT_EMIT_LOC_STRINGS = YES;
				SWIFT_VERSION = 5.0;
			};
			name = Release;
		};
		CEA7197E282CC0C9006F889E /* Debug */ = {
			isa = XCBuildConfiguration;
			buildSettings = {
				ALWAYS_EMBED_SWIFT_STANDARD_LIBRARIES = YES;
				BUNDLE_LOADER = "$(TEST_HOST)";
				CODE_SIGN_STYLE = Automatic;
				CURRENT_PROJECT_VERSION = 1;
				DEVELOPMENT_TEAM = 27P4L7HW7J;
				GENERATE_INFOPLIST_FILE = YES;
				MACOSX_DEPLOYMENT_TARGET = 12.3;
				MARKETING_VERSION = 1.0;
				PRODUCT_BUNDLE_IDENTIFIER = rossmoody.AssemblTests;
				PRODUCT_NAME = "$(TARGET_NAME)";
				SWIFT_EMIT_LOC_STRINGS = NO;
				SWIFT_VERSION = 5.0;
				TEST_HOST = "$(BUILT_PRODUCTS_DIR)/Assembl.app/Contents/MacOS/Assembl";
			};
			name = Debug;
		};
		CEA7197F282CC0C9006F889E /* Release */ = {
			isa = XCBuildConfiguration;
			buildSettings = {
				ALWAYS_EMBED_SWIFT_STANDARD_LIBRARIES = YES;
				BUNDLE_LOADER = "$(TEST_HOST)";
				CODE_SIGN_STYLE = Automatic;
				CURRENT_PROJECT_VERSION = 1;
				DEVELOPMENT_TEAM = 27P4L7HW7J;
				GENERATE_INFOPLIST_FILE = YES;
				MACOSX_DEPLOYMENT_TARGET = 12.3;
				MARKETING_VERSION = 1.0;
				PRODUCT_BUNDLE_IDENTIFIER = rossmoody.AssemblTests;
				PRODUCT_NAME = "$(TARGET_NAME)";
				SWIFT_EMIT_LOC_STRINGS = NO;
				SWIFT_VERSION = 5.0;
				TEST_HOST = "$(BUILT_PRODUCTS_DIR)/Assembl.app/Contents/MacOS/Assembl";
			};
			name = Release;
		};
		CEA71981282CC0C9006F889E /* Debug */ = {
			isa = XCBuildConfiguration;
			buildSettings = {
				ALWAYS_EMBED_SWIFT_STANDARD_LIBRARIES = YES;
				CODE_SIGN_STYLE = Automatic;
				CURRENT_PROJECT_VERSION = 1;
				DEVELOPMENT_TEAM = 27P4L7HW7J;
				GENERATE_INFOPLIST_FILE = YES;
				MARKETING_VERSION = 1.0;
				PRODUCT_BUNDLE_IDENTIFIER = rossmoody.AssemblUITests;
				PRODUCT_NAME = "$(TARGET_NAME)";
				SWIFT_EMIT_LOC_STRINGS = NO;
				SWIFT_VERSION = 5.0;
				TEST_TARGET_NAME = Assembl;
			};
			name = Debug;
		};
		CEA71982282CC0C9006F889E /* Release */ = {
			isa = XCBuildConfiguration;
			buildSettings = {
				ALWAYS_EMBED_SWIFT_STANDARD_LIBRARIES = YES;
				CODE_SIGN_STYLE = Automatic;
				CURRENT_PROJECT_VERSION = 1;
				DEVELOPMENT_TEAM = 27P4L7HW7J;
				GENERATE_INFOPLIST_FILE = YES;
				MARKETING_VERSION = 1.0;
				PRODUCT_BUNDLE_IDENTIFIER = rossmoody.AssemblUITests;
				PRODUCT_NAME = "$(TARGET_NAME)";
				SWIFT_EMIT_LOC_STRINGS = NO;
				SWIFT_VERSION = 5.0;
				TEST_TARGET_NAME = Assembl;
			};
			name = Release;
		};
/* End XCBuildConfiguration section */

/* Begin XCConfigurationList section */
		CEA71950282CC0C6006F889E /* Build configuration list for PBXProject "Assembl" */ = {
			isa = XCConfigurationList;
			buildConfigurations = (
				CEA71978282CC0C9006F889E /* Debug */,
				CEA71979282CC0C9006F889E /* Release */,
			);
			defaultConfigurationIsVisible = 0;
			defaultConfigurationName = Release;
		};
		CEA7197A282CC0C9006F889E /* Build configuration list for PBXNativeTarget "Assembl" */ = {
			isa = XCConfigurationList;
			buildConfigurations = (
				CEA7197B282CC0C9006F889E /* Debug */,
				CEA7197C282CC0C9006F889E /* Release */,
			);
			defaultConfigurationIsVisible = 0;
			defaultConfigurationName = Release;
		};
		CEA7197D282CC0C9006F889E /* Build configuration list for PBXNativeTarget "AssemblTests" */ = {
			isa = XCConfigurationList;
			buildConfigurations = (
				CEA7197E282CC0C9006F889E /* Debug */,
				CEA7197F282CC0C9006F889E /* Release */,
			);
			defaultConfigurationIsVisible = 0;
			defaultConfigurationName = Release;
		};
		CEA71980282CC0C9006F889E /* Build configuration list for PBXNativeTarget "AssemblUITests" */ = {
			isa = XCConfigurationList;
			buildConfigurations = (
				CEA71981282CC0C9006F889E /* Debug */,
				CEA71982282CC0C9006F889E /* Release */,
			);
			defaultConfigurationIsVisible = 0;
			defaultConfigurationName = Release;
		};
/* End XCConfigurationList section */

/* Begin XCRemoteSwiftPackageReference section */
		CE3C533B283042A1008E02B8 /* XCRemoteSwiftPackageReference "KeyboardShortcuts" */ = {
			isa = XCRemoteSwiftPackageReference;
			repositoryURL = "https://github.com/sindresorhus/KeyboardShortcuts";
			requirement = {
				branch = main;
				kind = branch;
			};
		};
/* End XCRemoteSwiftPackageReference section */

/* Begin XCSwiftPackageProductDependency section */
		CE3C533C283042A1008E02B8 /* KeyboardShortcuts */ = {
			isa = XCSwiftPackageProductDependency;
			package = CE3C533B283042A1008E02B8 /* XCRemoteSwiftPackageReference "KeyboardShortcuts" */;
			productName = KeyboardShortcuts;
		};
/* End XCSwiftPackageProductDependency section */
	};
	rootObject = CEA7194D282CC0C6006F889E /* Project object */;
}
